
Microsoft Visual Studio Solution File, Format Version 12.00
# Visual Studio Version 16
VisualStudioVersion = 16.0.29806.167
MinimumVisualStudioVersion = 10.0.40219.1
Project("{FAE04EC0-301F-11D3-BF4B-00C04F79EFBC}") = "dictionary.wpf", "dictionary.wpf\dictionary.wpf.csproj", "{BB0515B2-F72C-4711-9E05-57B39D3A26BF}"
EndProject
Global
	GlobalSection(SolutionConfigurationPlatforms) = preSolution
		Debug|Any CPU = Debug|Any CPU
		Release|Any CPU = Release|Any CPU
	EndGlobalSection
	GlobalSection(ProjectConfigurationPlatforms) = postSolution
		{BB0515B2-F72C-4711-9E05-57B39D3A26BF}.Debug|Any CPU.ActiveCfg = Debug|Any CPU
		{BB0515B2-F72C-4711-9E05-57B39D3A26BF}.Debug|Any CPU.Build.0 = Debug|Any CPU
		{BB0515B2-F72C-4711-9E05-57B39D3A26BF}.Release|Any CPU.ActiveCfg = Release|Any CPU
		{BB0515B2-F72C-4711-9E05-57B39D3A26BF}.Release|Any CPU.Build.0 = Release|Any CPU
	EndGlobalSection
	GlobalSection(SolutionProperties) = preSolution
		HideSolutionNode = FALSE
	EndGlobalSection
	GlobalSection(ExtensibilityGlobals) = postSolution
		SolutionGuid = {9B641688-9BCC-4240-A212-64AD66FA2F3E}
	EndGlobalSection
EndGlobal
